<?xml version="1.0" encoding="utf-8"?>
<Project ToolsVersion="4.0" xmlns="http://schemas.microsoft.com/developer/msbuild/2003">
  <ItemGroup>
    <Filter Include="Source Files">
      <UniqueIdentifier>{17524922-ba6a-4499-b06a-f194e50db30c}</UniqueIdentifier>
    </Filter>
    <Filter Include="Header Files">
      <UniqueIdentifier>{0cec7653-1eb4-4185-a086-cf2bd3a70107}</UniqueIdentifier>
    </Filter>
  </ItemGroup>
  <ItemGroup>
    <ClCompile Include="..\Lab 2 Lexical Analysis\PascalLexer.cpp">
      <Filter>Source Files</Filter>
    </ClCompile>
    <ClCompile Include="..\..\..\..\..\Users\User\Downloads\pascal_lexer_refactor\pascal_lexer_refactor\LexerTests.cpp">
      <Filter>Source Files</Filter>
    </ClCompile>
    <ClCompile Include="$(MSBuildThisFileDirectory)src\gtest\gtest-all.cc" />
    <ClCompile Include="$(MSBuildThisFileDirectory)src\gmock\gmock-all.cc" />
    <ClCompile Include="LexerApplicationMockTests.cpp">
      <Filter>Source Files</Filter>
    </ClCompile>
    <ClCompile Include="..\Lab 2 Lexical Analysis\LexerApplication.cpp">
      <Filter>Source Files</Filter>
    </ClCompile>
    <ClCompile Include="..\Lab 2 Lexical Analysis\FileReader.cpp">
      <Filter>Source Files</Filter>
    </ClCompile>
  </ItemGroup>
  <ItemGroup>
    <ClInclude Include="..\..\..\..\..\Users\User\Downloads\pascal_lexer_refactor\pascal_lexer_refactor\test_config.h">
      <Filter>Header Files</Filter>
    </ClInclude>
    <ClInclude Include="..\Lab 2 Lexical Analysis\PascalLexer.h">
      <Filter>Header Files</Filter>
    </ClInclude>
    <ClInclude Include="..\Lab 2 Lexical Analysis\Token.h">
      <Filter>Header Files</Filter>
    </ClInclude>
    <ClInclude Include="MockSourceReader.h">
      <Filter>Header Files</Filter>
    </ClInclude>
    <ClInclude Include="..\Lab 2 Lexical Analysis\ISourceReader.h">
      <Filter>Header Files</Filter>
    </ClInclude>
    <ClInclude Include="..\Lab 2 Lexical Analysis\LexerApplication.h">
      <Filter>Header Files</Filter>
    </ClInclude>
    <ClInclude Include="..\Lab 2 Lexical Analysis\FileReader.h">
      <Filter>Header Files</Filter>
    </ClInclude>
  </ItemGroup>
  <ItemGroup>
    <None Include="packages.config" />
    <None Include="gtest.runsettings" />
  </ItemGroup>
</Project>